// !$*UTF8*$!
{
	archiveVersion = 1;
	classes = {
	};
	objectVersion = 46;
	objects = {

/* Begin PBXBuildFile section */
		C970D0F31EA6E8440034132A /* main.c in Sources */ = {isa = PBXBuildFile; fileRef = C970D0F21EA6E8440034132A /* main.c */; };
		C970D0FA1EA6E95E0034132A /* SDL2.framework in Frameworks */ = {isa = PBXBuildFile; fileRef = C970D0F91EA6E95E0034132A /* SDL2.framework */; };
/* End PBXBuildFile section */

/* Begin PBXCopyFilesBuildPhase section */
		C970D0ED1EA6E8440034132A /* CopyFiles */ = {
			isa = PBXCopyFilesBuildPhase;
			buildActionMask = 2147483647;
			dstPath = /usr/share/man/man1/;
			dstSubfolderSpec = 0;
			files = (
			);
			runOnlyForDeploymentPostprocessing = 1;
		};
/* End PBXCopyFilesBuildPhase section */

/* Begin PBXFileReference section */
		C970D0EF1EA6E8440034132A /* TheStreetLife */ = {isa = PBXFileReference; explicitFileType = "compiled.mach-o.executable"; includeInIndex = 0; path = TheStreetLife; sourceTree = BUILT_PRODUCTS_DIR; };
		C970D0F21EA6E8440034132A /* main.c */ = {isa = PBXFileReference; lastKnownFileType = sourcecode.c.c; path = main.c; sourceTree = "<group>"; };
		C970D0F91EA6E95E0034132A /* SDL2.framework */ = {isa = PBXFileReference; lastKnownFileType = wrapper.framework; path = SDL2.framework; sourceTree = "<group>"; };
		C970D0FB1EA6EB9C0034132A /* game.c */ = {isa = PBXFileReference; fileEncoding = 4; lastKnownFileType = sourcecode.c.c; path = game.c; sourceTree = "<group>"; };
/* End PBXFileReference section */

/* Begin PBXFrameworksBuildPhase section */
		C970D0EC1EA6E8440034132A /* Frameworks */ = {
			isa = PBXFrameworksBuildPhase;
			buildActionMask = 2147483647;
			files = (
				C970D0FA1EA6E95E0034132A /* SDL2.framework in Frameworks */,
			);
			runOnlyForDeploymentPostprocessing = 0;
		};
/* End PBXFrameworksBuildPhase section */

/* Begin PBXGroup section */
		C970D0E61EA6E8440034132A = {
			isa = PBXGroup;
			children = (
				C970D0F91EA6E95E0034132A /* SDL2.framework */,
				C970D0F11EA6E8440034132A /* TheStreetLife */,
				C970D0F01EA6E8440034132A /* Products */,
			);
			sourceTree = "<group>";
		};
		C970D0F01EA6E8440034132A /* Products */ = {
			isa = PBXGroup;
			children = (
				C970D0EF1EA6E8440034132A /* TheStreetLife */,
			);
			name = Products;
			sourceTree = "<group>";
		};
		C970D0F11EA6E8440034132A /* TheStreetLife */ = {
			isa = PBXGroup;
			children = (
				C970D0F21EA6E8440034132A /* main.c */,
				C970D0FB1EA6EB9C0034132A /* game.c */,
			);
			path = TheStreetLife;
			sourceTree = "<group>";
		};
/* End PBXGroup section */

/* Begin PBXNativeTarget section */
		C970D0EE1EA6E8440034132A /* TheStreetLife */ = {
			isa = PBXNativeTarget;
			buildConfigurationList = C970D0F61EA6E8440034132A /* Build configuration list for PBXNativeTarget "TheStreetLife" */;
			buildPhases = (
				C970D0EB1EA6E8440034132A /* Sources */,
				C970D0EC1EA6E8440034132A /* Frameworks */,
				C970D0ED1EA6E8440034132A /* CopyFiles */,
			);
			buildRules = (
			);
			dependencies = (
			);
			name = TheStreetLife;
			productName = TheStreetLife;
			productReference = C970D0EF1EA6E8440034132A /* TheStreetLife */;
			productType = "com.apple.product-type.tool";
		};
/* End PBXNativeTarget section */

/* Begin PBXProject section */
		C970D0E71EA6E8440034132A /* Project object */ = {
			isa = PBXProject;
			attributes = {
				LastUpgradeCheck = 0620;
				ORGANIZATIONNAME = giantjelly;
				TargetAttributes = {
					C970D0EE1EA6E8440034132A = {
						CreatedOnToolsVersion = 6.2;
					};
				};
			};
			buildConfigurationList = C970D0EA1EA6E8440034132A /* Build configuration list for PBXProject "TheStreetLife" */;
			compatibilityVersion = "Xcode 3.2";
			developmentRegion = English;
			hasScannedForEncodings = 0;
			knownRegions = (
				en,
			);
			mainGroup = C970D0E61EA6E8440034132A;
			productRefGroup = C970D0F01EA6E8440034132A /* Products */;
			projectDirPath = "";
			projectRoot = "";
			targets = (
				C970D0EE1EA6E8440034132A /* TheStreetLife */,
			);
		};
/* End PBXProject section */

/* Begin PBXSourcesBuildPhase section */
		C970D0EB1EA6E8440034132A /* Sources */ = {
			isa = PBXSourcesBuildPhase;
			buildActionMask = 2147483647;
			files = (
				C970D0F31EA6E8440034132A /* main.c in Sources */,
			);
			runOnlyForDeploymentPostprocessing = 0;
		};
/* End PBXSourcesBuildPhase section */

/* Begin XCBuildConfiguration section */
		C970D0F41EA6E8440034132A /* Debug */ = {
			isa = XCBuildConfiguration;
			buildSettings = {
				ALWAYS_SEARCH_USER_PATHS = NO;
				CLANG_CXX_LANGUAGE_STANDARD = "gnu++0x";
				CLANG_CXX_LIBRARY = "libc++";
				CLANG_ENABLE_MODULES = YES;
				CLANG_ENABLE_OBJC_ARC = YES;
				CLANG_WARN_BOOL_CONVERSION = YES;
				CLANG_WARN_CONSTANT_CONVERSION = YES;
				CLANG_WARN_DIRECT_OBJC_ISA_USAGE = YES_ERROR;
				CLANG_WARN_EMPTY_BODY = YES;
				CLANG_WARN_ENUM_CONVERSION = YES;
				CLANG_WARN_INT_CONVERSION = YES;
				CLANG_WARN_OBJC_ROOT_CLASS = YES_ERROR;
				CLANG_WARN_UNREACHABLE_CODE = YES;
				CLANG_WARN__DUPLICATE_METHOD_MATCH = YES;
				COPY_PHASE_STRIP = NO;
				ENABLE_STRICT_OBJC_MSGSEND = YES;
				GCC_C_LANGUAGE_STANDARD = gnu99;
				GCC_DYNAMIC_NO_PIC = NO;
				GCC_OPTIMIZATION_LEVEL = 0;
				GCC_PREPROCESSOR_DEFINITIONS = (
					"DEBUG=1",
					"$(inherited)",
				);
				GCC_SYMBOLS_PRIVATE_EXTERN = NO;
				GCC_WARN_64_TO_32_BIT_CONVERSION = YES;
				GCC_WARN_ABOUT_RETURN_TYPE = YES_ERROR;
				GCC_WARN_UNDECLARED_SELECTOR = YES;
				GCC_WARN_UNINITIALIZED_AUTOS = YES_AGGRESSIVE;
				GCC_WARN_UNUSED_FUNCTION = YES;
				GCC_WARN_UNUSED_VARIABLE = YES;
				MACOSX_DEPLOYMENT_TARGET = 10.10;
				MTL_ENABLE_DEBUG_INFO = YES;
				ONLY_ACTIVE_ARCH = YES;
				SDKROOT = macosx;
			};
			name = Debug;
		};
		C970D0F51EA6E8440034132A /* Release */ = {
			isa = XCBuildConfiguration;
			buildSettings = {
				ALWAYS_SEARCH_USER_PATHS = NO;
				CLANG_CXX_LANGUAGE_STANDARD = "gnu++0x";
				CLANG_CXX_LIBRARY = "libc++";
				CLANG_ENABLE_MODULES = YES;
				CLANG_ENABLE_OBJC_ARC = YES;
				CLANG_WARN_BOOL_CONVERSION = YES;
				CLANG_WARN_CONSTANT_CONVERSION = YES;
				CLANG_WARN_DIRECT_OBJC_ISA_USAGE = YES_ERROR;
				CLANG_WARN_EMPTY_BODY = YES;
				CLANG_WARN_ENUM_CONVERSION = YES;
				CLANG_WARN_INT_CONVERSION = YES;
				CLANG_WARN_OBJC_ROOT_CLASS = YES_ERROR;
				CLANG_WARN_UNREACHABLE_CODE = YES;
				CLANG_WARN__DUPLICATE_METHOD_MATCH = YES;
				COPY_PHASE_STRIP = NO;
				DEBUG_INFORMATION_FORMAT = "dwarf-with-dsym";
				ENABLE_NS_ASSERTIONS = NO;
				ENABLE_STRICT_OBJC_MSGSEND = YES;
				GCC_C_LANGUAGE_STANDARD = gnu99;
				GCC_WARN_64_TO_32_BIT_CONVERSION = YES;
				GCC_WARN_ABOUT_RETURN_TYPE = YES_ERROR;
				GCC_WARN_UNDECLARED_SELECTOR = YES;
				GCC_WARN_UNINITIALIZED_AUTOS = YES_AGGRESSIVE;
				GCC_WARN_UNUSED_FUNCTION = YES;
				GCC_WARN_UNUSED_VARIABLE = YES;
				MACOSX_DEPLOYMENT_TARGET = 10.10;
				MTL_ENABLE_DEBUG_INFO = NO;
				SDKROOT = macosx;
			};
			name = Release;
		};
		C970D0F71EA6E8440034132A /* Debug */ = {
			isa = XCBuildConfiguration;
			buildSettings = {
				FRAMEWORK_SEARCH_PATHS = (
					"$(inherited)",
					"$(PROJECT_DIR)",
				);
				PRODUCT_NAME = "$(TARGET_NAME)";
			};
			name = Debug;
		};
		C970D0F81EA6E8440034132A /* Release */ = {
			isa = XCBuildConfiguration;
			buildSettings = {
				FRAMEWORK_SEARCH_PATHS = (
					"$(inherited)",
					"$(PROJECT_DIR)",
				);
				PRODUCT_NAME = "$(TARGET_NAME)";
			};
			name = Release;
		};
/* End XCBuildConfiguration section */

/* Begin XCConfigurationList section */
		C970D0EA1EA6E8440034132A /* Build configuration list for PBXProject "TheStreetLife" */ = {
			isa = XCConfigurationList;
			buildConfigurations = (
				C970D0F41EA6E8440034132A /* Debug */,
				C970D0F51EA6E8440034132A /* Release */,
			);
			defaultConfigurationIsVisible = 0;
			defaultConfigurationName = Release;
		};
		C970D0F61EA6E8440034132A /* Build configuration list for PBXNativeTarget "TheStreetLife" */ = {
			isa = XCConfigurationList;
			buildConfigurations = (
				C970D0F71EA6E8440034132A /* Debug */,
				C970D0F81EA6E8440034132A /* Release */,
			);
			defaultConfigurationIsVisible = 0;
		};
/* End XCConfigurationList section */
	};
	rootObject = C970D0E71EA6E8440034132A /* Project object */;
}
